
Microsoft Visual Studio Solution File, Format Version 12.00
# Visual Studio Version 17
VisualStudioVersion = 17.0.31903.59
MinimumVisualStudioVersion = 10.0.40219.1
Project("{FAE04EC0-301F-11D3-BF4B-00C04F79EFBC}") = "MVCS.Server", "MVCS.Server\MVCS.Server.csproj", "{43061E69-1D09-47E0-ADEB-AB4A1014ECF7}"
EndProject
Project("{FAE04EC0-301F-11D3-BF4B-00C04F79EFBC}") = "MVCS.Simulator", "MVCS.Simulator\MVCS.Simulator.csproj", "{F7570215-77CA-406C-A8C7-EE55D482318D}"
EndProject
Project("{FAE04EC0-301F-11D3-BF4B-00C04F79EFBC}") = "MVCS.Shared", "MVCS.Shared\MVCS.Shared.csproj", "{0873C43D-935E-4248-91F9-113E9E348E71}"
EndProject
Global
	GlobalSection(SolutionConfigurationPlatforms) = preSolution
		Debug|Any CPU = Debug|Any CPU
		Release|Any CPU = Release|Any CPU
	EndGlobalSection
	GlobalSection(SolutionProperties) = preSolution
		HideSolutionNode = FALSE
	EndGlobalSection
	GlobalSection(ProjectConfigurationPlatforms) = postSolution
		{43061E69-1D09-47E0-ADEB-AB4A1014ECF7}.Debug|Any CPU.ActiveCfg = Debug|Any CPU
		{43061E69-1D09-47E0-ADEB-AB4A1014ECF7}.Debug|Any CPU.Build.0 = Debug|Any CPU
		{43061E69-1D09-47E0-ADEB-AB4A1014ECF7}.Release|Any CPU.ActiveCfg = Release|Any CPU
		{43061E69-1D09-47E0-ADEB-AB4A1014ECF7}.Release|Any CPU.Build.0 = Release|Any CPU
		{F7570215-77CA-406C-A8C7-EE55D482318D}.Debug|Any CPU.ActiveCfg = Debug|Any CPU
		{F7570215-77CA-406C-A8C7-EE55D482318D}.Debug|Any CPU.Build.0 = Debug|Any CPU
		{F7570215-77CA-406C-A8C7-EE55D482318D}.Release|Any CPU.ActiveCfg = Release|Any CPU
		{F7570215-77CA-406C-A8C7-EE55D482318D}.Release|Any CPU.Build.0 = Release|Any CPU
		{0873C43D-935E-4248-91F9-113E9E348E71}.Debug|Any CPU.ActiveCfg = Debug|Any CPU
		{0873C43D-935E-4248-91F9-113E9E348E71}.Debug|Any CPU.Build.0 = Debug|Any CPU
		{0873C43D-935E-4248-91F9-113E9E348E71}.Release|Any CPU.ActiveCfg = Release|Any CPU
		{0873C43D-935E-4248-91F9-113E9E348E71}.Release|Any CPU.Build.0 = Release|Any CPU
	EndGlobalSection
EndGlobal
